{
  "lockfileVersion": 1,
  "configVersion": 1,
  "workspaces": {
    "": {
      "name": "thread",
      "dependencies": {
        "bun-webgpu": "^0.1.7",
      },
      "peerDependencies": {
        "preact": ">=10.0.0",
        "react": ">=18.0.0",
      },
      "optionalPeers": [
        "preact",
        "react",
      ],
    },
  },
  "packages": {
    "@webgpu/types": ["@webgpu/types@0.1.71", "", {}, "sha512-mMy8/ODcKhab808co15eW+yN+HgXoQxRQHTiBV9Mrvl1r0ufnid7YOcI+gi4eUWSWl9ezD6TW2KXccrL8HCh2A=="],

    "bun-webgpu": ["bun-webgpu@0.1.7", "", { "dependencies": { "@webgpu/types": "^0.1.60" }, "optionalDependencies": { "bun-webgpu-darwin-arm64": "^0.1.7", "bun-webgpu-darwin-x64": "^0.1.7", "bun-webgpu-linux-x64": "^0.1.7", "bun-webgpu-win32-x64": "^0.1.7" } }, "sha512-KUxUp+oQIf7pPBMD4Hv1TUu7DWaOZ4ciKulTk9to9+Uc8yHoYrMW7L2SJCJ4FHHkywgf/7aLRgRx0b7i6DvGIQ=="],

    "bun-webgpu-darwin-arm64": ["bun-webgpu-darwin-arm64@0.1.7", "", { "os": "darwin", "cpu": "arm64" }, "sha512-mRrFFyHzPWjsTRidAZBRcu808CPQBOUL0P6b4nxLhp+XHcV/mbUHERZMgW9s58tsojQfSdzschiQa8q+JCgRWA=="],

    "bun-webgpu-darwin-x64": ["bun-webgpu-darwin-x64@0.1.7", "", { "os": "darwin", "cpu": "x64" }, "sha512-g0NXGNgvaVCSH/jCWWlfdiquOHkbUN6vP4zqzSkIxWKQeLnqm3oADcok7SO3yIgI7v5mKpRc/ks7NDEKNH+jNQ=="],

    "bun-webgpu-linux-x64": ["bun-webgpu-linux-x64@0.1.7", "", { "os": "linux", "cpu": "x64" }, "sha512-UEP7UZdEhx9otvkZczjsszL8ZVlrODANQvgl+C88/bNVmxDoFi7w1fWzGi1sZyakiETjmtFDq2/xCLhbSZxjqw=="],

    "bun-webgpu-win32-x64": ["bun-webgpu-win32-x64@0.1.7", "", { "os": "win32", "cpu": "x64" }, "sha512-KZktiFkBz6sN7PEm1NVdeaLP5Q5X/PlSHZqefY4nNuWtf0LNvh54NhZe7yVv/Plz/nGbv92b0KHMBY3ki/pp6g=="],
  }
}
